{
  "name": "examples",
  "lockfileVersion": 3,
  "requires": true,
  "packages": {
    "": {
      "dependencies": {
        "basecoat-css": "^0.3.11"
      }
    },
    "node_modules/basecoat-css": {
      "version": "0.3.11",
      "resolved": "https://registry.npmjs.org/basecoat-css/-/basecoat-css-0.3.11.tgz",
      "integrity": "sha512-cU91Egcg9AhKJ1HswpKFItHC//FWDt1T8AlL5Yk9Fh5I2WYe+QhN3MtiVJ2vemqFF4iAM1vfbikhhjc+vkr2zA==",
      "license": "MIT"
    }
  }
}
